
Microsoft Visual Studio Solution File, Format Version 12.00
Project("{FAE04EC0-301F-11D3-BF4B-00C04F79EFBC}") = "EquipmentRentalSystem", "EquipmentRentalSystem\EquipmentRentalSystem.csproj", "{279D8D8D-57BC-45FE-8492-ED463D316046}"
EndProject
Global
	GlobalSection(SolutionConfigurationPlatforms) = preSolution
		Debug|Any CPU = Debug|Any CPU
		Release|Any CPU = Release|Any CPU
	EndGlobalSection
	GlobalSection(ProjectConfigurationPlatforms) = postSolution
		{279D8D8D-57BC-45FE-8492-ED463D316046}.Debug|Any CPU.ActiveCfg = Debug|Any CPU
		{279D8D8D-57BC-45FE-8492-ED463D316046}.Debug|Any CPU.Build.0 = Debug|Any CPU
		{279D8D8D-57BC-45FE-8492-ED463D316046}.Release|Any CPU.ActiveCfg = Release|Any CPU
		{279D8D8D-57BC-45FE-8492-ED463D316046}.Release|Any CPU.Build.0 = Release|Any CPU
	EndGlobalSection
EndGlobal
